
Microsoft Visual Studio Solution File, Format Version 12.00
# Visual Studio 14
VisualStudioVersion = 14.0.25420.1
MinimumVisualStudioVersion = 10.0.40219.1
Project("{E24C65DC-7377-472B-9ABA-BC803B73C61A}") = "vnag", ".", "{C48A4AC4-2E71-4EFA-8EE5-B49A78AC7223}"
	ProjectSection(WebsiteProperties) = preProject
		TargetFrameworkMoniker = ".NETFramework,Version%3Dv4.0"
		Debug.AspNetCompiler.VirtualPath = "/localhost_52966"
		Debug.AspNetCompiler.PhysicalPath = "..\vnag\"
		Debug.AspNetCompiler.TargetPath = "PrecompiledWeb\localhost_52966\"
		Debug.AspNetCompiler.Updateable = "true"
		Debug.AspNetCompiler.ForceOverwrite = "true"
		Debug.AspNetCompiler.FixedNames = "false"
		Debug.AspNetCompiler.Debug = "True"
		Release.AspNetCompiler.VirtualPath = "/localhost_52966"
		Release.AspNetCompiler.PhysicalPath = "..\vnag\"
		Release.AspNetCompiler.TargetPath = "PrecompiledWeb\localhost_52966\"
		Release.AspNetCompiler.Updateable = "true"
		Release.AspNetCompiler.ForceOverwrite = "true"
		Release.AspNetCompiler.FixedNames = "false"
		Release.AspNetCompiler.Debug = "False"
		VWDPort = "52966"
		SlnRelativePath = "..\vnag\"
	EndProjectSection
EndProject
Global
	GlobalSection(SolutionConfigurationPlatforms) = preSolution
		Debug|Any CPU = Debug|Any CPU
	EndGlobalSection
	GlobalSection(ProjectConfigurationPlatforms) = postSolution
		{C48A4AC4-2E71-4EFA-8EE5-B49A78AC7223}.Debug|Any CPU.ActiveCfg = Debug|Any CPU
		{C48A4AC4-2E71-4EFA-8EE5-B49A78AC7223}.Debug|Any CPU.Build.0 = Debug|Any CPU
	EndGlobalSection
	GlobalSection(SolutionProperties) = preSolution
		HideSolutionNode = FALSE
	EndGlobalSection
EndGlobal
